
Microsoft Visual Studio Solution File, Format Version 12.00
# Visual Studio Version 17
VisualStudioVersion = 17.0.32014.148
MinimumVisualStudioVersion = 10.0.40219.1
Project("{FAE04EC0-301F-11D3-BF4B-00C04F79EFBC}") = "Binner.StorageProvider.Sqlite", "Binner.StorageProvider.Sqlite\Binner.StorageProvider.Sqlite.csproj", "{73C4F420-5BD5-40BC-B0FA-70A69830434F}"
EndProject
Global
	GlobalSection(SolutionConfigurationPlatforms) = preSolution
		Debug|Any CPU = Debug|Any CPU
		Release|Any CPU = Release|Any CPU
	EndGlobalSection
	GlobalSection(ProjectConfigurationPlatforms) = postSolution
		{73C4F420-5BD5-40BC-B0FA-70A69830434F}.Debug|Any CPU.ActiveCfg = Debug|Any CPU
		{73C4F420-5BD5-40BC-B0FA-70A69830434F}.Debug|Any CPU.Build.0 = Debug|Any CPU
		{73C4F420-5BD5-40BC-B0FA-70A69830434F}.Release|Any CPU.ActiveCfg = Release|Any CPU
		{73C4F420-5BD5-40BC-B0FA-70A69830434F}.Release|Any CPU.Build.0 = Release|Any CPU
	EndGlobalSection
	GlobalSection(SolutionProperties) = preSolution
		HideSolutionNode = FALSE
	EndGlobalSection
	GlobalSection(ExtensibilityGlobals) = postSolution
		SolutionGuid = {D52688CC-8024-45A3-A925-93A9F9466256}
	EndGlobalSection
EndGlobal
